
Microsoft Visual Studio Solution File, Format Version 12.00
# Visual Studio Version 17
VisualStudioVersion = 17.11.35219.272
MinimumVisualStudioVersion = 10.0.40219.1
Project("{9A19103F-16F7-4668-BE54-9A1E7A4F7556}") = "Singleton", "Singleton\Singleton.csproj", "{9DE75D38-BAC7-471A-B2EA-980FD01F9F8D}"
EndProject
Project("{9A19103F-16F7-4668-BE54-9A1E7A4F7556}") = "App", "App\App.csproj", "{9179B262-2993-4AE3-8124-C3DA91F3E397}"
EndProject
Project("{FAE04EC0-301F-11D3-BF4B-00C04F79EFBC}") = "Factory", "Factory\Factory.csproj", "{2AD7DF0D-259C-42F3-95F4-8E921A004ABB}"
EndProject
Global
	GlobalSection(SolutionConfigurationPlatforms) = preSolution
		Debug|Any CPU = Debug|Any CPU
		Release|Any CPU = Release|Any CPU
	EndGlobalSection
	GlobalSection(ProjectConfigurationPlatforms) = postSolution
		{9DE75D38-BAC7-471A-B2EA-980FD01F9F8D}.Debug|Any CPU.ActiveCfg = Debug|Any CPU
		{9DE75D38-BAC7-471A-B2EA-980FD01F9F8D}.Debug|Any CPU.Build.0 = Debug|Any CPU
		{9DE75D38-BAC7-471A-B2EA-980FD01F9F8D}.Release|Any CPU.ActiveCfg = Release|Any CPU
		{9DE75D38-BAC7-471A-B2EA-980FD01F9F8D}.Release|Any CPU.Build.0 = Release|Any CPU
		{9179B262-2993-4AE3-8124-C3DA91F3E397}.Debug|Any CPU.ActiveCfg = Debug|Any CPU
		{9179B262-2993-4AE3-8124-C3DA91F3E397}.Debug|Any CPU.Build.0 = Debug|Any CPU
		{9179B262-2993-4AE3-8124-C3DA91F3E397}.Release|Any CPU.ActiveCfg = Release|Any CPU
		{9179B262-2993-4AE3-8124-C3DA91F3E397}.Release|Any CPU.Build.0 = Release|Any CPU
		{2AD7DF0D-259C-42F3-95F4-8E921A004ABB}.Debug|Any CPU.ActiveCfg = Debug|Any CPU
		{2AD7DF0D-259C-42F3-95F4-8E921A004ABB}.Debug|Any CPU.Build.0 = Debug|Any CPU
		{2AD7DF0D-259C-42F3-95F4-8E921A004ABB}.Release|Any CPU.ActiveCfg = Release|Any CPU
		{2AD7DF0D-259C-42F3-95F4-8E921A004ABB}.Release|Any CPU.Build.0 = Release|Any CPU
	EndGlobalSection
	GlobalSection(SolutionProperties) = preSolution
		HideSolutionNode = FALSE
	EndGlobalSection
	GlobalSection(ExtensibilityGlobals) = postSolution
		SolutionGuid = {55C8F3F3-1C70-4CF1-AA3F-D728656EB12C}
	EndGlobalSection
EndGlobal
